{
    "name": "string-finder",
    "version": "1.0.0-b",
    "lockfileVersion": 1,
    "requires": true,
    "dependencies": {
        "colors": {
            "version": "1.1.2",
            "resolved": "https://registry.npmjs.org/colors/-/colors-1.1.2.tgz",
            "integrity": "sha1-FopHAXVran9RoSzgyXv6KMCE7WM="
        },
        "progress-bar": {
            "version": "0.1.1",
            "resolved": "https://registry.npmjs.org/progress-bar/-/progress-bar-0.1.1.tgz",
            "integrity": "sha1-wyg0+I8PjqxGxjjg5jjxShwXvR8="
        }
    }
}
